// !$*UTF8*$!
{
	archiveVersion = 1;
	classes = {
	};
	objectVersion = 46;
	objects = {

/* Begin PBXBuildFile section */
		A344DD781A9A80A400D040F8 /* AppDelegate.swift in Sources */ = {isa = PBXBuildFile; fileRef = A344DD771A9A80A400D040F8 /* AppDelegate.swift */; };
		A344DD7A1A9A80A400D040F8 /* ViewController.swift in Sources */ = {isa = PBXBuildFile; fileRef = A344DD791A9A80A400D040F8 /* ViewController.swift */; };
		A344DD7D1A9A80A400D040F8 /* Main.storyboard in Resources */ = {isa = PBXBuildFile; fileRef = A344DD7B1A9A80A400D040F8 /* Main.storyboard */; };
		A344DD7F1A9A80A400D040F8 /* Images.xcassets in Resources */ = {isa = PBXBuildFile; fileRef = A344DD7E1A9A80A400D040F8 /* Images.xcassets */; };
		A344DD821A9A80A400D040F8 /* LaunchScreen.xib in Resources */ = {isa = PBXBuildFile; fileRef = A344DD801A9A80A400D040F8 /* LaunchScreen.xib */; };
		A344DD8E1A9A80A400D040F8 /* JSON_DemoTests.swift in Sources */ = {isa = PBXBuildFile; fileRef = A344DD8D1A9A80A400D040F8 /* JSON_DemoTests.swift */; };
/* End PBXBuildFile section */

/* Begin PBXContainerItemProxy section */
		A344DD881A9A80A400D040F8 /* PBXContainerItemProxy */ = {
			isa = PBXContainerItemProxy;
			containerPortal = A344DD6A1A9A80A400D040F8 /* Project object */;
			proxyType = 1;
			remoteGlobalIDString = A344DD711A9A80A400D040F8;
			remoteInfo = "JSON Demo";
		};
/* End PBXContainerItemProxy section */

/* Begin PBXFileReference section */
		A344DD721A9A80A400D040F8 /* JSON Demo.app */ = {isa = PBXFileReference; explicitFileType = wrapper.application; includeInIndex = 0; path = "JSON Demo.app"; sourceTree = BUILT_PRODUCTS_DIR; };
		A344DD761A9A80A400D040F8 /* Info.plist */ = {isa = PBXFileReference; lastKnownFileType = text.plist.xml; path = Info.plist; sourceTree = "<group>"; };
		A344DD771A9A80A400D040F8 /* AppDelegate.swift */ = {isa = PBXFileReference; lastKnownFileType = sourcecode.swift; path = AppDelegate.swift; sourceTree = "<group>"; };
		A344DD791A9A80A400D040F8 /* ViewController.swift */ = {isa = PBXFileReference; lastKnownFileType = sourcecode.swift; path = ViewController.swift; sourceTree = "<group>"; };
		A344DD7C1A9A80A400D040F8 /* Base */ = {isa = PBXFileReference; lastKnownFileType = file.storyboard; name = Base; path = Base.lproj/Main.storyboard; sourceTree = "<group>"; };
		A344DD7E1A9A80A400D040F8 /* Images.xcassets */ = {isa = PBXFileReference; lastKnownFileType = folder.assetcatalog; path = Images.xcassets; sourceTree = "<group>"; };
		A344DD811A9A80A400D040F8 /* Base */ = {isa = PBXFileReference; lastKnownFileType = file.xib; name = Base; path = Base.lproj/LaunchScreen.xib; sourceTree = "<group>"; };
		A344DD871A9A80A400D040F8 /* JSON DemoTests.xctest */ = {isa = PBXFileReference; explicitFileType = wrapper.cfbundle; includeInIndex = 0; path = "JSON DemoTests.xctest"; sourceTree = BUILT_PRODUCTS_DIR; };
		A344DD8C1A9A80A400D040F8 /* Info.plist */ = {isa = PBXFileReference; lastKnownFileType = text.plist.xml; path = Info.plist; sourceTree = "<group>"; };
		A344DD8D1A9A80A400D040F8 /* JSON_DemoTests.swift */ = {isa = PBXFileReference; lastKnownFileType = sourcecode.swift; path = JSON_DemoTests.swift; sourceTree = "<group>"; };
/* End PBXFileReference section */

/* Begin PBXFrameworksBuildPhase section */
		A344DD6F1A9A80A400D040F8 /* Frameworks */ = {
			isa = PBXFrameworksBuildPhase;
			buildActionMask = 2147483647;
			files = (
			);
			runOnlyForDeploymentPostprocessing = 0;
		};
		A344DD841A9A80A400D040F8 /* Frameworks */ = {
			isa = PBXFrameworksBuildPhase;
			buildActionMask = 2147483647;
			files = (
			);
			runOnlyForDeploymentPostprocessing = 0;
		};
/* End PBXFrameworksBuildPhase section */

/* Begin PBXGroup section */
		A344DD691A9A80A400D040F8 = {
			isa = PBXGroup;
			children = (
				A344DD741A9A80A400D040F8 /* JSON Demo */,
				A344DD8A1A9A80A400D040F8 /* JSON DemoTests */,
				A344DD731A9A80A400D040F8 /* Products */,
			);
			sourceTree = "<group>";
		};
		A344DD731A9A80A400D040F8 /* Products */ = {
			isa = PBXGroup;
			children = (
				A344DD721A9A80A400D040F8 /* JSON Demo.app */,
				A344DD871A9A80A400D040F8 /* JSON DemoTests.xctest */,
			);
			name = Products;
			sourceTree = "<group>";
		};
		A344DD741A9A80A400D040F8 /* JSON Demo */ = {
			isa = PBXGroup;
			children = (
				A344DD771A9A80A400D040F8 /* AppDelegate.swift */,
				A344DD791A9A80A400D040F8 /* ViewController.swift */,
				A344DD7B1A9A80A400D040F8 /* Main.storyboard */,
				A344DD7E1A9A80A400D040F8 /* Images.xcassets */,
				A344DD801A9A80A400D040F8 /* LaunchScreen.xib */,
				A344DD751A9A80A400D040F8 /* Supporting Files */,
			);
			path = "JSON Demo";
			sourceTree = "<group>";
		};
		A344DD751A9A80A400D040F8 /* Supporting Files */ = {
			isa = PBXGroup;
			children = (
				A344DD761A9A80A400D040F8 /* Info.plist */,
			);
			name = "Supporting Files";
			sourceTree = "<group>";
		};
		A344DD8A1A9A80A400D040F8 /* JSON DemoTests */ = {
			isa = PBXGroup;
			children = (
				A344DD8D1A9A80A400D040F8 /* JSON_DemoTests.swift */,
				A344DD8B1A9A80A400D040F8 /* Supporting Files */,
			);
			path = "JSON DemoTests";
			sourceTree = "<group>";
		};
		A344DD8B1A9A80A400D040F8 /* Supporting Files */ = {
			isa = PBXGroup;
			children = (
				A344DD8C1A9A80A400D040F8 /* Info.plist */,
			);
			name = "Supporting Files";
			sourceTree = "<group>";
		};
/* End PBXGroup section */

/* Begin PBXNativeTarget section */
		A344DD711A9A80A400D040F8 /* JSON Demo */ = {
			isa = PBXNativeTarget;
			buildConfigurationList = A344DD911A9A80A400D040F8 /* Build configuration list for PBXNativeTarget "JSON Demo" */;
			buildPhases = (
				A344DD6E1A9A80A400D040F8 /* Sources */,
				A344DD6F1A9A80A400D040F8 /* Frameworks */,
				A344DD701A9A80A400D040F8 /* Resources */,
			);
			buildRules = (
			);
			dependencies = (
			);
			name = "JSON Demo";
			productName = "JSON Demo";
			productReference = A344DD721A9A80A400D040F8 /* JSON Demo.app */;
			productType = "com.apple.product-type.application";
		};
		A344DD861A9A80A400D040F8 /* JSON DemoTests */ = {
			isa = PBXNativeTarget;
			buildConfigurationList = A344DD941A9A80A400D040F8 /* Build configuration list for PBXNativeTarget "JSON DemoTests" */;
			buildPhases = (
				A344DD831A9A80A400D040F8 /* Sources */,
				A344DD841A9A80A400D040F8 /* Frameworks */,
				A344DD851A9A80A400D040F8 /* Resources */,
			);
			buildRules = (
			);
			dependencies = (
				A344DD891A9A80A400D040F8 /* PBXTargetDependency */,
			);
			name = "JSON DemoTests";
			productName = "JSON DemoTests";
			productReference = A344DD871A9A80A400D040F8 /* JSON DemoTests.xctest */;
			productType = "com.apple.product-type.bundle.unit-test";
		};
/* End PBXNativeTarget section */

/* Begin PBXProject section */
		A344DD6A1A9A80A400D040F8 /* Project object */ = {
			isa = PBXProject;
			attributes = {
				LastUpgradeCheck = 0610;
				ORGANIZATIONNAME = "Tangent Circles";
				TargetAttributes = {
					A344DD711A9A80A400D040F8 = {
						CreatedOnToolsVersion = 6.1.1;
					};
					A344DD861A9A80A400D040F8 = {
						CreatedOnToolsVersion = 6.1.1;
						TestTargetID = A344DD711A9A80A400D040F8;
					};
				};
			};
			buildConfigurationList = A344DD6D1A9A80A400D040F8 /* Build configuration list for PBXProject "JSON Demo" */;
			compatibilityVersion = "Xcode 3.2";
			developmentRegion = English;
			hasScannedForEncodings = 0;
			knownRegions = (
				en,
				Base,
			);
			mainGroup = A344DD691A9A80A400D040F8;
			productRefGroup = A344DD731A9A80A400D040F8 /* Products */;
			projectDirPath = "";
			projectRoot = "";
			targets = (
				A344DD711A9A80A400D040F8 /* JSON Demo */,
				A344DD861A9A80A400D040F8 /* JSON DemoTests */,
			);
		};
/* End PBXProject section */

/* Begin PBXResourcesBuildPhase section */
		A344DD701A9A80A400D040F8 /* Resources */ = {
			isa = PBXResourcesBuildPhase;
			buildActionMask = 2147483647;
			files = (
				A344DD7D1A9A80A400D040F8 /* Main.storyboard in Resources */,
				A344DD821A9A80A400D040F8 /* LaunchScreen.xib in Resources */,
				A344DD7F1A9A80A400D040F8 /* Images.xcassets in Resources */,
			);
			runOnlyForDeploymentPostprocessing = 0;
		};
		A344DD851A9A80A400D040F8 /* Resources */ = {
			isa = PBXResourcesBuildPhase;
			buildActionMask = 2147483647;
			files = (
			);
			runOnlyForDeploymentPostprocessing = 0;
		};
/* End PBXResourcesBuildPhase section */

/* Begin PBXSourcesBuildPhase section */
		A344DD6E1A9A80A400D040F8 /* Sources */ = {
			isa = PBXSourcesBuildPhase;
			buildActionMask = 2147483647;
			files = (
				A344DD7A1A9A80A400D040F8 /* ViewController.swift in Sources */,
				A344DD781A9A80A400D040F8 /* AppDelegate.swift in Sources */,
			);
			runOnlyForDeploymentPostprocessing = 0;
		};
		A344DD831A9A80A400D040F8 /* Sources */ = {
			isa = PBXSourcesBuildPhase;
			buildActionMask = 2147483647;
			files = (
				A344DD8E1A9A80A400D040F8 /* JSON_DemoTests.swift in Sources */,
			);
			runOnlyForDeploymentPostprocessing = 0;
		};
/* End PBXSourcesBuildPhase section */

/* Begin PBXTargetDependency section */
		A344DD891A9A80A400D040F8 /* PBXTargetDependency */ = {
			isa = PBXTargetDependency;
			target = A344DD711A9A80A400D040F8 /* JSON Demo */;
			targetProxy = A344DD881A9A80A400D040F8 /* PBXContainerItemProxy */;
		};
/* End PBXTargetDependency section */

/* Begin PBXVariantGroup section */
		A344DD7B1A9A80A400D040F8 /* Main.storyboard */ = {
			isa = PBXVariantGroup;
			children = (
				A344DD7C1A9A80A400D040F8 /* Base */,
			);
			name = Main.storyboard;
			sourceTree = "<group>";
		};
		A344DD801A9A80A400D040F8 /* LaunchScreen.xib */ = {
			isa = PBXVariantGroup;
			children = (
				A344DD811A9A80A400D040F8 /* Base */,
			);
			name = LaunchScreen.xib;
			sourceTree = "<group>";
		};
/* End PBXVariantGroup section */

/* Begin XCBuildConfiguration section */
		A344DD8F1A9A80A400D040F8 /* Debug */ = {
			isa = XCBuildConfiguration;
			buildSettings = {
				ALWAYS_SEARCH_USER_PATHS = NO;
				CLANG_CXX_LANGUAGE_STANDARD = "gnu++0x";
				CLANG_CXX_LIBRARY = "libc++";
				CLANG_ENABLE_MODULES = YES;
				CLANG_ENABLE_OBJC_ARC = YES;
				CLANG_WARN_BOOL_CONVERSION = YES;
				CLANG_WARN_CONSTANT_CONVERSION = YES;
				CLANG_WARN_DIRECT_OBJC_ISA_USAGE = YES_ERROR;
				CLANG_WARN_EMPTY_BODY = YES;
				CLANG_WARN_ENUM_CONVERSION = YES;
				CLANG_WARN_INT_CONVERSION = YES;
				CLANG_WARN_OBJC_ROOT_CLASS = YES_ERROR;
				CLANG_WARN_UNREACHABLE_CODE = YES;
				CLANG_WARN__DUPLICATE_METHOD_MATCH = YES;
				"CODE_SIGN_IDENTITY[sdk=iphoneos*]" = "iPhone Developer";
				COPY_PHASE_STRIP = NO;
				ENABLE_STRICT_OBJC_MSGSEND = YES;
				GCC_C_LANGUAGE_STANDARD = gnu99;
				GCC_DYNAMIC_NO_PIC = NO;
				GCC_OPTIMIZATION_LEVEL = 0;
				GCC_PREPROCESSOR_DEFINITIONS = (
					"DEBUG=1",
					"$(inherited)",
				);
				GCC_SYMBOLS_PRIVATE_EXTERN = NO;
				GCC_WARN_64_TO_32_BIT_CONVERSION = YES;
				GCC_WARN_ABOUT_RETURN_TYPE = YES_ERROR;
				GCC_WARN_UNDECLARED_SELECTOR = YES;
				GCC_WARN_UNINITIALIZED_AUTOS = YES_AGGRESSIVE;
				GCC_WARN_UNUSED_FUNCTION = YES;
				GCC_WARN_UNUSED_VARIABLE = YES;
				IPHONEOS_DEPLOYMENT_TARGET = 8.1;
				MTL_ENABLE_DEBUG_INFO = YES;
				ONLY_ACTIVE_ARCH = YES;
				SDKROOT = iphoneos;
				SWIFT_OPTIMIZATION_LEVEL = "-Onone";
			};
			name = Debug;
		};
		A344DD901A9A80A400D040F8 /* Release */ = {
			isa = XCBuildConfiguration;
			buildSettings = {
				ALWAYS_SEARCH_USER_PATHS = NO;
				CLANG_CXX_LANGUAGE_STANDARD = "gnu++0x";
				CLANG_CXX_LIBRARY = "libc++";
				CLANG_ENABLE_MODULES = YES;
				CLANG_ENABLE_OBJC_ARC = YES;
				CLANG_WARN_BOOL_CONVERSION = YES;
				CLANG_WARN_CONSTANT_CONVERSION = YES;
				CLANG_WARN_DIRECT_OBJC_ISA_USAGE = YES_ERROR;
				CLANG_WARN_EMPTY_BODY = YES;
				CLANG_WARN_ENUM_CONVERSION = YES;
				CLANG_WARN_INT_CONVERSION = YES;
				CLANG_WARN_OBJC_ROOT_CLASS = YES_ERROR;
				CLANG_WARN_UNREACHABLE_CODE = YES;
				CLANG_WARN__DUPLICATE_METHOD_MATCH = YES;
				"CODE_SIGN_IDENTITY[sdk=iphoneos*]" = "iPhone Developer";
				COPY_PHASE_STRIP = YES;
				ENABLE_NS_ASSERTIONS = NO;
				ENABLE_STRICT_OBJC_MSGSEND = YES;
				GCC_C_LANGUAGE_STANDARD = gnu99;
				GCC_WARN_64_TO_32_BIT_CONVERSION = YES;
				GCC_WARN_ABOUT_RETURN_TYPE = YES_ERROR;
				GCC_WARN_UNDECLARED_SELECTOR = YES;
				GCC_WARN_UNINITIALIZED_AUTOS = YES_AGGRESSIVE;
				GCC_WARN_UNUSED_FUNCTION = YES;
				GCC_WARN_UNUSED_VARIABLE = YES;
				IPHONEOS_DEPLOYMENT_TARGET = 8.1;
				MTL_ENABLE_DEBUG_INFO = NO;
				SDKROOT = iphoneos;
				VALIDATE_PRODUCT = YES;
			};
			name = Release;
		};
		A344DD921A9A80A400D040F8 /* Debug */ = {
			isa = XCBuildConfiguration;
			buildSettings = {
				ASSETCATALOG_COMPILER_APPICON_NAME = AppIcon;
				INFOPLIST_FILE = "JSON Demo/Info.plist";
				LD_RUNPATH_SEARCH_PATHS = "$(inherited) @executable_path/Frameworks";
				PRODUCT_NAME = "$(TARGET_NAME)";
			};
			name = Debug;
		};
		A344DD931A9A80A400D040F8 /* Release */ = {
			isa = XCBuildConfiguration;
			buildSettings = {
				ASSETCATALOG_COMPILER_APPICON_NAME = AppIcon;
				INFOPLIST_FILE = "JSON Demo/Info.plist";
				LD_RUNPATH_SEARCH_PATHS = "$(inherited) @executable_path/Frameworks";
				PRODUCT_NAME = "$(TARGET_NAME)";
			};
			name = Release;
		};
		A344DD951A9A80A400D040F8 /* Debug */ = {
			isa = XCBuildConfiguration;
			buildSettings = {
				BUNDLE_LOADER = "$(TEST_HOST)";
				FRAMEWORK_SEARCH_PATHS = (
					"$(SDKROOT)/Developer/Library/Frameworks",
					"$(inherited)",
				);
				GCC_PREPROCESSOR_DEFINITIONS = (
					"DEBUG=1",
					"$(inherited)",
				);
				INFOPLIST_FILE = "JSON DemoTests/Info.plist";
				LD_RUNPATH_SEARCH_PATHS = "$(inherited) @executable_path/Frameworks @loader_path/Frameworks";
				PRODUCT_NAME = "$(TARGET_NAME)";
				TEST_HOST = "$(BUILT_PRODUCTS_DIR)/JSON Demo.app/JSON Demo";
			};
			name = Debug;
		};
		A344DD961A9A80A400D040F8 /* Release */ = {
			isa = XCBuildConfiguration;
			buildSettings = {
				BUNDLE_LOADER = "$(TEST_HOST)";
				FRAMEWORK_SEARCH_PATHS = (
					"$(SDKROOT)/Developer/Library/Frameworks",
					"$(inherited)",
				);
				INFOPLIST_FILE = "JSON DemoTests/Info.plist";
				LD_RUNPATH_SEARCH_PATHS = "$(inherited) @executable_path/Frameworks @loader_path/Frameworks";
				PRODUCT_NAME = "$(TARGET_NAME)";
				TEST_HOST = "$(BUILT_PRODUCTS_DIR)/JSON Demo.app/JSON Demo";
			};
			name = Release;
		};
/* End XCBuildConfiguration section */

/* Begin XCConfigurationList section */
		A344DD6D1A9A80A400D040F8 /* Build configuration list for PBXProject "JSON Demo" */ = {
			isa = XCConfigurationList;
			buildConfigurations = (
				A344DD8F1A9A80A400D040F8 /* Debug */,
				A344DD901A9A80A400D040F8 /* Release */,
			);
			defaultConfigurationIsVisible = 0;
			defaultConfigurationName = Release;
		};
		A344DD911A9A80A400D040F8 /* Build configuration list for PBXNativeTarget "JSON Demo" */ = {
			isa = XCConfigurationList;
			buildConfigurations = (
				A344DD921A9A80A400D040F8 /* Debug */,
				A344DD931A9A80A400D040F8 /* Release */,
			);
			defaultConfigurationIsVisible = 0;
		};
		A344DD941A9A80A400D040F8 /* Build configuration list for PBXNativeTarget "JSON DemoTests" */ = {
			isa = XCConfigurationList;
			buildConfigurations = (
				A344DD951A9A80A400D040F8 /* Debug */,
				A344DD961A9A80A400D040F8 /* Release */,
			);
			defaultConfigurationIsVisible = 0;
		};
/* End XCConfigurationList section */
	};
	rootObject = A344DD6A1A9A80A400D040F8 /* Project object */;
}
