// !$*UTF8*$!
{
	archiveVersion = 1;
	classes = {
	};
	objectVersion = 46;
	objects = {

/* Begin PBXBuildFile section */
		A344DB851A92A07800D040F8 /* AppDelegate.swift in Sources */ = {isa = PBXBuildFile; fileRef = A344DB841A92A07800D040F8 /* AppDelegate.swift */; };
		A344DB871A92A07800D040F8 /* ViewController.swift in Sources */ = {isa = PBXBuildFile; fileRef = A344DB861A92A07800D040F8 /* ViewController.swift */; };
		A344DB8A1A92A07800D040F8 /* Main.storyboard in Resources */ = {isa = PBXBuildFile; fileRef = A344DB881A92A07800D040F8 /* Main.storyboard */; };
		A344DB8C1A92A07800D040F8 /* Images.xcassets in Resources */ = {isa = PBXBuildFile; fileRef = A344DB8B1A92A07800D040F8 /* Images.xcassets */; };
		A344DB8F1A92A07800D040F8 /* LaunchScreen.xib in Resources */ = {isa = PBXBuildFile; fileRef = A344DB8D1A92A07800D040F8 /* LaunchScreen.xib */; };
		A344DB9B1A92A07800D040F8 /* ImagesTests.swift in Sources */ = {isa = PBXBuildFile; fileRef = A344DB9A1A92A07800D040F8 /* ImagesTests.swift */; };
		A344DBA71A92A16600D040F8 /* gita-005b.jpg in Resources */ = {isa = PBXBuildFile; fileRef = A344DBA61A92A16600D040F8 /* gita-005b.jpg */; };
		A344DBA91A92A30300D040F8 /* Goldberg_6.jpg in Resources */ = {isa = PBXBuildFile; fileRef = A344DBA81A92A30300D040F8 /* Goldberg_6.jpg */; };
		A344DBAB1A92A64000D040F8 /* Goldberg_10.jpg in Resources */ = {isa = PBXBuildFile; fileRef = A344DBAA1A92A64000D040F8 /* Goldberg_10.jpg */; };
/* End PBXBuildFile section */

/* Begin PBXContainerItemProxy section */
		A344DB951A92A07800D040F8 /* PBXContainerItemProxy */ = {
			isa = PBXContainerItemProxy;
			containerPortal = A344DB771A92A07800D040F8 /* Project object */;
			proxyType = 1;
			remoteGlobalIDString = A344DB7E1A92A07800D040F8;
			remoteInfo = Images;
		};
/* End PBXContainerItemProxy section */

/* Begin PBXFileReference section */
		A344DB7F1A92A07800D040F8 /* Images.app */ = {isa = PBXFileReference; explicitFileType = wrapper.application; includeInIndex = 0; path = Images.app; sourceTree = BUILT_PRODUCTS_DIR; };
		A344DB831A92A07800D040F8 /* Info.plist */ = {isa = PBXFileReference; lastKnownFileType = text.plist.xml; path = Info.plist; sourceTree = "<group>"; };
		A344DB841A92A07800D040F8 /* AppDelegate.swift */ = {isa = PBXFileReference; lastKnownFileType = sourcecode.swift; path = AppDelegate.swift; sourceTree = "<group>"; };
		A344DB861A92A07800D040F8 /* ViewController.swift */ = {isa = PBXFileReference; lastKnownFileType = sourcecode.swift; path = ViewController.swift; sourceTree = "<group>"; };
		A344DB891A92A07800D040F8 /* Base */ = {isa = PBXFileReference; lastKnownFileType = file.storyboard; name = Base; path = Base.lproj/Main.storyboard; sourceTree = "<group>"; };
		A344DB8B1A92A07800D040F8 /* Images.xcassets */ = {isa = PBXFileReference; lastKnownFileType = folder.assetcatalog; path = Images.xcassets; sourceTree = "<group>"; };
		A344DB8E1A92A07800D040F8 /* Base */ = {isa = PBXFileReference; lastKnownFileType = file.xib; name = Base; path = Base.lproj/LaunchScreen.xib; sourceTree = "<group>"; };
		A344DB941A92A07800D040F8 /* ImagesTests.xctest */ = {isa = PBXFileReference; explicitFileType = wrapper.cfbundle; includeInIndex = 0; path = ImagesTests.xctest; sourceTree = BUILT_PRODUCTS_DIR; };
		A344DB991A92A07800D040F8 /* Info.plist */ = {isa = PBXFileReference; lastKnownFileType = text.plist.xml; path = Info.plist; sourceTree = "<group>"; };
		A344DB9A1A92A07800D040F8 /* ImagesTests.swift */ = {isa = PBXFileReference; lastKnownFileType = sourcecode.swift; path = ImagesTests.swift; sourceTree = "<group>"; };
		A344DBA61A92A16600D040F8 /* gita-005b.jpg */ = {isa = PBXFileReference; lastKnownFileType = image.jpeg; path = "gita-005b.jpg"; sourceTree = "<group>"; };
		A344DBA81A92A30300D040F8 /* Goldberg_6.jpg */ = {isa = PBXFileReference; lastKnownFileType = image.jpeg; path = Goldberg_6.jpg; sourceTree = "<group>"; };
		A344DBAA1A92A64000D040F8 /* Goldberg_10.jpg */ = {isa = PBXFileReference; lastKnownFileType = image.jpeg; path = Goldberg_10.jpg; sourceTree = "<group>"; };
/* End PBXFileReference section */

/* Begin PBXFrameworksBuildPhase section */
		A344DB7C1A92A07800D040F8 /* Frameworks */ = {
			isa = PBXFrameworksBuildPhase;
			buildActionMask = 2147483647;
			files = (
			);
			runOnlyForDeploymentPostprocessing = 0;
		};
		A344DB911A92A07800D040F8 /* Frameworks */ = {
			isa = PBXFrameworksBuildPhase;
			buildActionMask = 2147483647;
			files = (
			);
			runOnlyForDeploymentPostprocessing = 0;
		};
/* End PBXFrameworksBuildPhase section */

/* Begin PBXGroup section */
		A344DB761A92A07800D040F8 = {
			isa = PBXGroup;
			children = (
				A344DB811A92A07800D040F8 /* Images */,
				A344DB971A92A07800D040F8 /* ImagesTests */,
				A344DB801A92A07800D040F8 /* Products */,
			);
			sourceTree = "<group>";
		};
		A344DB801A92A07800D040F8 /* Products */ = {
			isa = PBXGroup;
			children = (
				A344DB7F1A92A07800D040F8 /* Images.app */,
				A344DB941A92A07800D040F8 /* ImagesTests.xctest */,
			);
			name = Products;
			sourceTree = "<group>";
		};
		A344DB811A92A07800D040F8 /* Images */ = {
			isa = PBXGroup;
			children = (
				A344DB841A92A07800D040F8 /* AppDelegate.swift */,
				A344DB861A92A07800D040F8 /* ViewController.swift */,
				A344DB881A92A07800D040F8 /* Main.storyboard */,
				A344DB8B1A92A07800D040F8 /* Images.xcassets */,
				A344DBAA1A92A64000D040F8 /* Goldberg_10.jpg */,
				A344DBA81A92A30300D040F8 /* Goldberg_6.jpg */,
				A344DBA61A92A16600D040F8 /* gita-005b.jpg */,
				A344DB8D1A92A07800D040F8 /* LaunchScreen.xib */,
				A344DB821A92A07800D040F8 /* Supporting Files */,
			);
			path = Images;
			sourceTree = "<group>";
		};
		A344DB821A92A07800D040F8 /* Supporting Files */ = {
			isa = PBXGroup;
			children = (
				A344DB831A92A07800D040F8 /* Info.plist */,
			);
			name = "Supporting Files";
			sourceTree = "<group>";
		};
		A344DB971A92A07800D040F8 /* ImagesTests */ = {
			isa = PBXGroup;
			children = (
				A344DB9A1A92A07800D040F8 /* ImagesTests.swift */,
				A344DB981A92A07800D040F8 /* Supporting Files */,
			);
			path = ImagesTests;
			sourceTree = "<group>";
		};
		A344DB981A92A07800D040F8 /* Supporting Files */ = {
			isa = PBXGroup;
			children = (
				A344DB991A92A07800D040F8 /* Info.plist */,
			);
			name = "Supporting Files";
			sourceTree = "<group>";
		};
/* End PBXGroup section */

/* Begin PBXNativeTarget section */
		A344DB7E1A92A07800D040F8 /* Images */ = {
			isa = PBXNativeTarget;
			buildConfigurationList = A344DB9E1A92A07800D040F8 /* Build configuration list for PBXNativeTarget "Images" */;
			buildPhases = (
				A344DB7B1A92A07800D040F8 /* Sources */,
				A344DB7C1A92A07800D040F8 /* Frameworks */,
				A344DB7D1A92A07800D040F8 /* Resources */,
			);
			buildRules = (
			);
			dependencies = (
			);
			name = Images;
			productName = Images;
			productReference = A344DB7F1A92A07800D040F8 /* Images.app */;
			productType = "com.apple.product-type.application";
		};
		A344DB931A92A07800D040F8 /* ImagesTests */ = {
			isa = PBXNativeTarget;
			buildConfigurationList = A344DBA11A92A07800D040F8 /* Build configuration list for PBXNativeTarget "ImagesTests" */;
			buildPhases = (
				A344DB901A92A07800D040F8 /* Sources */,
				A344DB911A92A07800D040F8 /* Frameworks */,
				A344DB921A92A07800D040F8 /* Resources */,
			);
			buildRules = (
			);
			dependencies = (
				A344DB961A92A07800D040F8 /* PBXTargetDependency */,
			);
			name = ImagesTests;
			productName = ImagesTests;
			productReference = A344DB941A92A07800D040F8 /* ImagesTests.xctest */;
			productType = "com.apple.product-type.bundle.unit-test";
		};
/* End PBXNativeTarget section */

/* Begin PBXProject section */
		A344DB771A92A07800D040F8 /* Project object */ = {
			isa = PBXProject;
			attributes = {
				LastUpgradeCheck = 0610;
				ORGANIZATIONNAME = "Tangent Circles";
				TargetAttributes = {
					A344DB7E1A92A07800D040F8 = {
						CreatedOnToolsVersion = 6.1.1;
					};
					A344DB931A92A07800D040F8 = {
						CreatedOnToolsVersion = 6.1.1;
						TestTargetID = A344DB7E1A92A07800D040F8;
					};
				};
			};
			buildConfigurationList = A344DB7A1A92A07800D040F8 /* Build configuration list for PBXProject "Images" */;
			compatibilityVersion = "Xcode 3.2";
			developmentRegion = English;
			hasScannedForEncodings = 0;
			knownRegions = (
				en,
				Base,
			);
			mainGroup = A344DB761A92A07800D040F8;
			productRefGroup = A344DB801A92A07800D040F8 /* Products */;
			projectDirPath = "";
			projectRoot = "";
			targets = (
				A344DB7E1A92A07800D040F8 /* Images */,
				A344DB931A92A07800D040F8 /* ImagesTests */,
			);
		};
/* End PBXProject section */

/* Begin PBXResourcesBuildPhase section */
		A344DB7D1A92A07800D040F8 /* Resources */ = {
			isa = PBXResourcesBuildPhase;
			buildActionMask = 2147483647;
			files = (
				A344DBAB1A92A64000D040F8 /* Goldberg_10.jpg in Resources */,
				A344DB8A1A92A07800D040F8 /* Main.storyboard in Resources */,
				A344DBA91A92A30300D040F8 /* Goldberg_6.jpg in Resources */,
				A344DBA71A92A16600D040F8 /* gita-005b.jpg in Resources */,
				A344DB8F1A92A07800D040F8 /* LaunchScreen.xib in Resources */,
				A344DB8C1A92A07800D040F8 /* Images.xcassets in Resources */,
			);
			runOnlyForDeploymentPostprocessing = 0;
		};
		A344DB921A92A07800D040F8 /* Resources */ = {
			isa = PBXResourcesBuildPhase;
			buildActionMask = 2147483647;
			files = (
			);
			runOnlyForDeploymentPostprocessing = 0;
		};
/* End PBXResourcesBuildPhase section */

/* Begin PBXSourcesBuildPhase section */
		A344DB7B1A92A07800D040F8 /* Sources */ = {
			isa = PBXSourcesBuildPhase;
			buildActionMask = 2147483647;
			files = (
				A344DB871A92A07800D040F8 /* ViewController.swift in Sources */,
				A344DB851A92A07800D040F8 /* AppDelegate.swift in Sources */,
			);
			runOnlyForDeploymentPostprocessing = 0;
		};
		A344DB901A92A07800D040F8 /* Sources */ = {
			isa = PBXSourcesBuildPhase;
			buildActionMask = 2147483647;
			files = (
				A344DB9B1A92A07800D040F8 /* ImagesTests.swift in Sources */,
			);
			runOnlyForDeploymentPostprocessing = 0;
		};
/* End PBXSourcesBuildPhase section */

/* Begin PBXTargetDependency section */
		A344DB961A92A07800D040F8 /* PBXTargetDependency */ = {
			isa = PBXTargetDependency;
			target = A344DB7E1A92A07800D040F8 /* Images */;
			targetProxy = A344DB951A92A07800D040F8 /* PBXContainerItemProxy */;
		};
/* End PBXTargetDependency section */

/* Begin PBXVariantGroup section */
		A344DB881A92A07800D040F8 /* Main.storyboard */ = {
			isa = PBXVariantGroup;
			children = (
				A344DB891A92A07800D040F8 /* Base */,
			);
			name = Main.storyboard;
			sourceTree = "<group>";
		};
		A344DB8D1A92A07800D040F8 /* LaunchScreen.xib */ = {
			isa = PBXVariantGroup;
			children = (
				A344DB8E1A92A07800D040F8 /* Base */,
			);
			name = LaunchScreen.xib;
			sourceTree = "<group>";
		};
/* End PBXVariantGroup section */

/* Begin XCBuildConfiguration section */
		A344DB9C1A92A07800D040F8 /* Debug */ = {
			isa = XCBuildConfiguration;
			buildSettings = {
				ALWAYS_SEARCH_USER_PATHS = NO;
				CLANG_CXX_LANGUAGE_STANDARD = "gnu++0x";
				CLANG_CXX_LIBRARY = "libc++";
				CLANG_ENABLE_MODULES = YES;
				CLANG_ENABLE_OBJC_ARC = YES;
				CLANG_WARN_BOOL_CONVERSION = YES;
				CLANG_WARN_CONSTANT_CONVERSION = YES;
				CLANG_WARN_DIRECT_OBJC_ISA_USAGE = YES_ERROR;
				CLANG_WARN_EMPTY_BODY = YES;
				CLANG_WARN_ENUM_CONVERSION = YES;
				CLANG_WARN_INT_CONVERSION = YES;
				CLANG_WARN_OBJC_ROOT_CLASS = YES_ERROR;
				CLANG_WARN_UNREACHABLE_CODE = YES;
				CLANG_WARN__DUPLICATE_METHOD_MATCH = YES;
				"CODE_SIGN_IDENTITY[sdk=iphoneos*]" = "iPhone Developer";
				COPY_PHASE_STRIP = NO;
				ENABLE_STRICT_OBJC_MSGSEND = YES;
				GCC_C_LANGUAGE_STANDARD = gnu99;
				GCC_DYNAMIC_NO_PIC = NO;
				GCC_OPTIMIZATION_LEVEL = 0;
				GCC_PREPROCESSOR_DEFINITIONS = (
					"DEBUG=1",
					"$(inherited)",
				);
				GCC_SYMBOLS_PRIVATE_EXTERN = NO;
				GCC_WARN_64_TO_32_BIT_CONVERSION = YES;
				GCC_WARN_ABOUT_RETURN_TYPE = YES_ERROR;
				GCC_WARN_UNDECLARED_SELECTOR = YES;
				GCC_WARN_UNINITIALIZED_AUTOS = YES_AGGRESSIVE;
				GCC_WARN_UNUSED_FUNCTION = YES;
				GCC_WARN_UNUSED_VARIABLE = YES;
				IPHONEOS_DEPLOYMENT_TARGET = 8.1;
				MTL_ENABLE_DEBUG_INFO = YES;
				ONLY_ACTIVE_ARCH = YES;
				SDKROOT = iphoneos;
				SWIFT_OPTIMIZATION_LEVEL = "-Onone";
			};
			name = Debug;
		};
		A344DB9D1A92A07800D040F8 /* Release */ = {
			isa = XCBuildConfiguration;
			buildSettings = {
				ALWAYS_SEARCH_USER_PATHS = NO;
				CLANG_CXX_LANGUAGE_STANDARD = "gnu++0x";
				CLANG_CXX_LIBRARY = "libc++";
				CLANG_ENABLE_MODULES = YES;
				CLANG_ENABLE_OBJC_ARC = YES;
				CLANG_WARN_BOOL_CONVERSION = YES;
				CLANG_WARN_CONSTANT_CONVERSION = YES;
				CLANG_WARN_DIRECT_OBJC_ISA_USAGE = YES_ERROR;
				CLANG_WARN_EMPTY_BODY = YES;
				CLANG_WARN_ENUM_CONVERSION = YES;
				CLANG_WARN_INT_CONVERSION = YES;
				CLANG_WARN_OBJC_ROOT_CLASS = YES_ERROR;
				CLANG_WARN_UNREACHABLE_CODE = YES;
				CLANG_WARN__DUPLICATE_METHOD_MATCH = YES;
				"CODE_SIGN_IDENTITY[sdk=iphoneos*]" = "iPhone Developer";
				COPY_PHASE_STRIP = YES;
				ENABLE_NS_ASSERTIONS = NO;
				ENABLE_STRICT_OBJC_MSGSEND = YES;
				GCC_C_LANGUAGE_STANDARD = gnu99;
				GCC_WARN_64_TO_32_BIT_CONVERSION = YES;
				GCC_WARN_ABOUT_RETURN_TYPE = YES_ERROR;
				GCC_WARN_UNDECLARED_SELECTOR = YES;
				GCC_WARN_UNINITIALIZED_AUTOS = YES_AGGRESSIVE;
				GCC_WARN_UNUSED_FUNCTION = YES;
				GCC_WARN_UNUSED_VARIABLE = YES;
				IPHONEOS_DEPLOYMENT_TARGET = 8.1;
				MTL_ENABLE_DEBUG_INFO = NO;
				SDKROOT = iphoneos;
				VALIDATE_PRODUCT = YES;
			};
			name = Release;
		};
		A344DB9F1A92A07800D040F8 /* Debug */ = {
			isa = XCBuildConfiguration;
			buildSettings = {
				ASSETCATALOG_COMPILER_APPICON_NAME = AppIcon;
				INFOPLIST_FILE = Images/Info.plist;
				LD_RUNPATH_SEARCH_PATHS = "$(inherited) @executable_path/Frameworks";
				PRODUCT_NAME = "$(TARGET_NAME)";
			};
			name = Debug;
		};
		A344DBA01A92A07800D040F8 /* Release */ = {
			isa = XCBuildConfiguration;
			buildSettings = {
				ASSETCATALOG_COMPILER_APPICON_NAME = AppIcon;
				INFOPLIST_FILE = Images/Info.plist;
				LD_RUNPATH_SEARCH_PATHS = "$(inherited) @executable_path/Frameworks";
				PRODUCT_NAME = "$(TARGET_NAME)";
			};
			name = Release;
		};
		A344DBA21A92A07800D040F8 /* Debug */ = {
			isa = XCBuildConfiguration;
			buildSettings = {
				BUNDLE_LOADER = "$(TEST_HOST)";
				FRAMEWORK_SEARCH_PATHS = (
					"$(SDKROOT)/Developer/Library/Frameworks",
					"$(inherited)",
				);
				GCC_PREPROCESSOR_DEFINITIONS = (
					"DEBUG=1",
					"$(inherited)",
				);
				INFOPLIST_FILE = ImagesTests/Info.plist;
				LD_RUNPATH_SEARCH_PATHS = "$(inherited) @executable_path/Frameworks @loader_path/Frameworks";
				PRODUCT_NAME = "$(TARGET_NAME)";
				TEST_HOST = "$(BUILT_PRODUCTS_DIR)/Images.app/Images";
			};
			name = Debug;
		};
		A344DBA31A92A07800D040F8 /* Release */ = {
			isa = XCBuildConfiguration;
			buildSettings = {
				BUNDLE_LOADER = "$(TEST_HOST)";
				FRAMEWORK_SEARCH_PATHS = (
					"$(SDKROOT)/Developer/Library/Frameworks",
					"$(inherited)",
				);
				INFOPLIST_FILE = ImagesTests/Info.plist;
				LD_RUNPATH_SEARCH_PATHS = "$(inherited) @executable_path/Frameworks @loader_path/Frameworks";
				PRODUCT_NAME = "$(TARGET_NAME)";
				TEST_HOST = "$(BUILT_PRODUCTS_DIR)/Images.app/Images";
			};
			name = Release;
		};
/* End XCBuildConfiguration section */

/* Begin XCConfigurationList section */
		A344DB7A1A92A07800D040F8 /* Build configuration list for PBXProject "Images" */ = {
			isa = XCConfigurationList;
			buildConfigurations = (
				A344DB9C1A92A07800D040F8 /* Debug */,
				A344DB9D1A92A07800D040F8 /* Release */,
			);
			defaultConfigurationIsVisible = 0;
			defaultConfigurationName = Release;
		};
		A344DB9E1A92A07800D040F8 /* Build configuration list for PBXNativeTarget "Images" */ = {
			isa = XCConfigurationList;
			buildConfigurations = (
				A344DB9F1A92A07800D040F8 /* Debug */,
				A344DBA01A92A07800D040F8 /* Release */,
			);
			defaultConfigurationIsVisible = 0;
		};
		A344DBA11A92A07800D040F8 /* Build configuration list for PBXNativeTarget "ImagesTests" */ = {
			isa = XCConfigurationList;
			buildConfigurations = (
				A344DBA21A92A07800D040F8 /* Debug */,
				A344DBA31A92A07800D040F8 /* Release */,
			);
			defaultConfigurationIsVisible = 0;
		};
/* End XCConfigurationList section */
	};
	rootObject = A344DB771A92A07800D040F8 /* Project object */;
}
