// !$*UTF8*$!
{
	archiveVersion = 1;
	classes = {
	};
	objectVersion = 46;
	objects = {

/* Begin PBXBuildFile section */
		A344848D1AF82F6B00606934 /* AppDelegate.swift in Sources */ = {isa = PBXBuildFile; fileRef = A344848C1AF82F6B00606934 /* AppDelegate.swift */; };
		A344848F1AF82F6B00606934 /* ViewController.swift in Sources */ = {isa = PBXBuildFile; fileRef = A344848E1AF82F6B00606934 /* ViewController.swift */; };
		A34484921AF82F6B00606934 /* Main.storyboard in Resources */ = {isa = PBXBuildFile; fileRef = A34484901AF82F6B00606934 /* Main.storyboard */; };
		A34484941AF82F6B00606934 /* Images.xcassets in Resources */ = {isa = PBXBuildFile; fileRef = A34484931AF82F6B00606934 /* Images.xcassets */; };
		A34484971AF82F6B00606934 /* LaunchScreen.xib in Resources */ = {isa = PBXBuildFile; fileRef = A34484951AF82F6B00606934 /* LaunchScreen.xib */; };
		A34484A31AF82F6B00606934 /* segsTests.swift in Sources */ = {isa = PBXBuildFile; fileRef = A34484A21AF82F6B00606934 /* segsTests.swift */; };
/* End PBXBuildFile section */

/* Begin PBXContainerItemProxy section */
		A344849D1AF82F6B00606934 /* PBXContainerItemProxy */ = {
			isa = PBXContainerItemProxy;
			containerPortal = A344847F1AF82F6B00606934 /* Project object */;
			proxyType = 1;
			remoteGlobalIDString = A34484861AF82F6B00606934;
			remoteInfo = segs;
		};
/* End PBXContainerItemProxy section */

/* Begin PBXFileReference section */
		A34484871AF82F6B00606934 /* segs.app */ = {isa = PBXFileReference; explicitFileType = wrapper.application; includeInIndex = 0; path = segs.app; sourceTree = BUILT_PRODUCTS_DIR; };
		A344848B1AF82F6B00606934 /* Info.plist */ = {isa = PBXFileReference; lastKnownFileType = text.plist.xml; path = Info.plist; sourceTree = "<group>"; };
		A344848C1AF82F6B00606934 /* AppDelegate.swift */ = {isa = PBXFileReference; lastKnownFileType = sourcecode.swift; path = AppDelegate.swift; sourceTree = "<group>"; };
		A344848E1AF82F6B00606934 /* ViewController.swift */ = {isa = PBXFileReference; lastKnownFileType = sourcecode.swift; path = ViewController.swift; sourceTree = "<group>"; };
		A34484911AF82F6B00606934 /* Base */ = {isa = PBXFileReference; lastKnownFileType = file.storyboard; name = Base; path = Base.lproj/Main.storyboard; sourceTree = "<group>"; };
		A34484931AF82F6B00606934 /* Images.xcassets */ = {isa = PBXFileReference; lastKnownFileType = folder.assetcatalog; path = Images.xcassets; sourceTree = "<group>"; };
		A34484961AF82F6B00606934 /* Base */ = {isa = PBXFileReference; lastKnownFileType = file.xib; name = Base; path = Base.lproj/LaunchScreen.xib; sourceTree = "<group>"; };
		A344849C1AF82F6B00606934 /* segsTests.xctest */ = {isa = PBXFileReference; explicitFileType = wrapper.cfbundle; includeInIndex = 0; path = segsTests.xctest; sourceTree = BUILT_PRODUCTS_DIR; };
		A34484A11AF82F6B00606934 /* Info.plist */ = {isa = PBXFileReference; lastKnownFileType = text.plist.xml; path = Info.plist; sourceTree = "<group>"; };
		A34484A21AF82F6B00606934 /* segsTests.swift */ = {isa = PBXFileReference; lastKnownFileType = sourcecode.swift; path = segsTests.swift; sourceTree = "<group>"; };
/* End PBXFileReference section */

/* Begin PBXFrameworksBuildPhase section */
		A34484841AF82F6B00606934 /* Frameworks */ = {
			isa = PBXFrameworksBuildPhase;
			buildActionMask = 2147483647;
			files = (
			);
			runOnlyForDeploymentPostprocessing = 0;
		};
		A34484991AF82F6B00606934 /* Frameworks */ = {
			isa = PBXFrameworksBuildPhase;
			buildActionMask = 2147483647;
			files = (
			);
			runOnlyForDeploymentPostprocessing = 0;
		};
/* End PBXFrameworksBuildPhase section */

/* Begin PBXGroup section */
		A344847E1AF82F6B00606934 = {
			isa = PBXGroup;
			children = (
				A34484891AF82F6B00606934 /* segs */,
				A344849F1AF82F6B00606934 /* segsTests */,
				A34484881AF82F6B00606934 /* Products */,
			);
			sourceTree = "<group>";
		};
		A34484881AF82F6B00606934 /* Products */ = {
			isa = PBXGroup;
			children = (
				A34484871AF82F6B00606934 /* segs.app */,
				A344849C1AF82F6B00606934 /* segsTests.xctest */,
			);
			name = Products;
			sourceTree = "<group>";
		};
		A34484891AF82F6B00606934 /* segs */ = {
			isa = PBXGroup;
			children = (
				A344848C1AF82F6B00606934 /* AppDelegate.swift */,
				A344848E1AF82F6B00606934 /* ViewController.swift */,
				A34484901AF82F6B00606934 /* Main.storyboard */,
				A34484931AF82F6B00606934 /* Images.xcassets */,
				A34484951AF82F6B00606934 /* LaunchScreen.xib */,
				A344848A1AF82F6B00606934 /* Supporting Files */,
			);
			path = segs;
			sourceTree = "<group>";
		};
		A344848A1AF82F6B00606934 /* Supporting Files */ = {
			isa = PBXGroup;
			children = (
				A344848B1AF82F6B00606934 /* Info.plist */,
			);
			name = "Supporting Files";
			sourceTree = "<group>";
		};
		A344849F1AF82F6B00606934 /* segsTests */ = {
			isa = PBXGroup;
			children = (
				A34484A21AF82F6B00606934 /* segsTests.swift */,
				A34484A01AF82F6B00606934 /* Supporting Files */,
			);
			path = segsTests;
			sourceTree = "<group>";
		};
		A34484A01AF82F6B00606934 /* Supporting Files */ = {
			isa = PBXGroup;
			children = (
				A34484A11AF82F6B00606934 /* Info.plist */,
			);
			name = "Supporting Files";
			sourceTree = "<group>";
		};
/* End PBXGroup section */

/* Begin PBXNativeTarget section */
		A34484861AF82F6B00606934 /* segs */ = {
			isa = PBXNativeTarget;
			buildConfigurationList = A34484A61AF82F6B00606934 /* Build configuration list for PBXNativeTarget "segs" */;
			buildPhases = (
				A34484831AF82F6B00606934 /* Sources */,
				A34484841AF82F6B00606934 /* Frameworks */,
				A34484851AF82F6B00606934 /* Resources */,
			);
			buildRules = (
			);
			dependencies = (
			);
			name = segs;
			productName = segs;
			productReference = A34484871AF82F6B00606934 /* segs.app */;
			productType = "com.apple.product-type.application";
		};
		A344849B1AF82F6B00606934 /* segsTests */ = {
			isa = PBXNativeTarget;
			buildConfigurationList = A34484A91AF82F6B00606934 /* Build configuration list for PBXNativeTarget "segsTests" */;
			buildPhases = (
				A34484981AF82F6B00606934 /* Sources */,
				A34484991AF82F6B00606934 /* Frameworks */,
				A344849A1AF82F6B00606934 /* Resources */,
			);
			buildRules = (
			);
			dependencies = (
				A344849E1AF82F6B00606934 /* PBXTargetDependency */,
			);
			name = segsTests;
			productName = segsTests;
			productReference = A344849C1AF82F6B00606934 /* segsTests.xctest */;
			productType = "com.apple.product-type.bundle.unit-test";
		};
/* End PBXNativeTarget section */

/* Begin PBXProject section */
		A344847F1AF82F6B00606934 /* Project object */ = {
			isa = PBXProject;
			attributes = {
				LastUpgradeCheck = 0610;
				ORGANIZATIONNAME = "Tangent Circles";
				TargetAttributes = {
					A34484861AF82F6B00606934 = {
						CreatedOnToolsVersion = 6.1.1;
					};
					A344849B1AF82F6B00606934 = {
						CreatedOnToolsVersion = 6.1.1;
						TestTargetID = A34484861AF82F6B00606934;
					};
				};
			};
			buildConfigurationList = A34484821AF82F6B00606934 /* Build configuration list for PBXProject "segs" */;
			compatibilityVersion = "Xcode 3.2";
			developmentRegion = English;
			hasScannedForEncodings = 0;
			knownRegions = (
				en,
				Base,
			);
			mainGroup = A344847E1AF82F6B00606934;
			productRefGroup = A34484881AF82F6B00606934 /* Products */;
			projectDirPath = "";
			projectRoot = "";
			targets = (
				A34484861AF82F6B00606934 /* segs */,
				A344849B1AF82F6B00606934 /* segsTests */,
			);
		};
/* End PBXProject section */

/* Begin PBXResourcesBuildPhase section */
		A34484851AF82F6B00606934 /* Resources */ = {
			isa = PBXResourcesBuildPhase;
			buildActionMask = 2147483647;
			files = (
				A34484921AF82F6B00606934 /* Main.storyboard in Resources */,
				A34484971AF82F6B00606934 /* LaunchScreen.xib in Resources */,
				A34484941AF82F6B00606934 /* Images.xcassets in Resources */,
			);
			runOnlyForDeploymentPostprocessing = 0;
		};
		A344849A1AF82F6B00606934 /* Resources */ = {
			isa = PBXResourcesBuildPhase;
			buildActionMask = 2147483647;
			files = (
			);
			runOnlyForDeploymentPostprocessing = 0;
		};
/* End PBXResourcesBuildPhase section */

/* Begin PBXSourcesBuildPhase section */
		A34484831AF82F6B00606934 /* Sources */ = {
			isa = PBXSourcesBuildPhase;
			buildActionMask = 2147483647;
			files = (
				A344848F1AF82F6B00606934 /* ViewController.swift in Sources */,
				A344848D1AF82F6B00606934 /* AppDelegate.swift in Sources */,
			);
			runOnlyForDeploymentPostprocessing = 0;
		};
		A34484981AF82F6B00606934 /* Sources */ = {
			isa = PBXSourcesBuildPhase;
			buildActionMask = 2147483647;
			files = (
				A34484A31AF82F6B00606934 /* segsTests.swift in Sources */,
			);
			runOnlyForDeploymentPostprocessing = 0;
		};
/* End PBXSourcesBuildPhase section */

/* Begin PBXTargetDependency section */
		A344849E1AF82F6B00606934 /* PBXTargetDependency */ = {
			isa = PBXTargetDependency;
			target = A34484861AF82F6B00606934 /* segs */;
			targetProxy = A344849D1AF82F6B00606934 /* PBXContainerItemProxy */;
		};
/* End PBXTargetDependency section */

/* Begin PBXVariantGroup section */
		A34484901AF82F6B00606934 /* Main.storyboard */ = {
			isa = PBXVariantGroup;
			children = (
				A34484911AF82F6B00606934 /* Base */,
			);
			name = Main.storyboard;
			sourceTree = "<group>";
		};
		A34484951AF82F6B00606934 /* LaunchScreen.xib */ = {
			isa = PBXVariantGroup;
			children = (
				A34484961AF82F6B00606934 /* Base */,
			);
			name = LaunchScreen.xib;
			sourceTree = "<group>";
		};
/* End PBXVariantGroup section */

/* Begin XCBuildConfiguration section */
		A34484A41AF82F6B00606934 /* Debug */ = {
			isa = XCBuildConfiguration;
			buildSettings = {
				ALWAYS_SEARCH_USER_PATHS = NO;
				CLANG_CXX_LANGUAGE_STANDARD = "gnu++0x";
				CLANG_CXX_LIBRARY = "libc++";
				CLANG_ENABLE_MODULES = YES;
				CLANG_ENABLE_OBJC_ARC = YES;
				CLANG_WARN_BOOL_CONVERSION = YES;
				CLANG_WARN_CONSTANT_CONVERSION = YES;
				CLANG_WARN_DIRECT_OBJC_ISA_USAGE = YES_ERROR;
				CLANG_WARN_EMPTY_BODY = YES;
				CLANG_WARN_ENUM_CONVERSION = YES;
				CLANG_WARN_INT_CONVERSION = YES;
				CLANG_WARN_OBJC_ROOT_CLASS = YES_ERROR;
				CLANG_WARN_UNREACHABLE_CODE = YES;
				CLANG_WARN__DUPLICATE_METHOD_MATCH = YES;
				"CODE_SIGN_IDENTITY[sdk=iphoneos*]" = "iPhone Developer";
				COPY_PHASE_STRIP = NO;
				ENABLE_STRICT_OBJC_MSGSEND = YES;
				GCC_C_LANGUAGE_STANDARD = gnu99;
				GCC_DYNAMIC_NO_PIC = NO;
				GCC_OPTIMIZATION_LEVEL = 0;
				GCC_PREPROCESSOR_DEFINITIONS = (
					"DEBUG=1",
					"$(inherited)",
				);
				GCC_SYMBOLS_PRIVATE_EXTERN = NO;
				GCC_WARN_64_TO_32_BIT_CONVERSION = YES;
				GCC_WARN_ABOUT_RETURN_TYPE = YES_ERROR;
				GCC_WARN_UNDECLARED_SELECTOR = YES;
				GCC_WARN_UNINITIALIZED_AUTOS = YES_AGGRESSIVE;
				GCC_WARN_UNUSED_FUNCTION = YES;
				GCC_WARN_UNUSED_VARIABLE = YES;
				IPHONEOS_DEPLOYMENT_TARGET = 8.1;
				MTL_ENABLE_DEBUG_INFO = YES;
				ONLY_ACTIVE_ARCH = YES;
				SDKROOT = iphoneos;
				SWIFT_OPTIMIZATION_LEVEL = "-Onone";
			};
			name = Debug;
		};
		A34484A51AF82F6B00606934 /* Release */ = {
			isa = XCBuildConfiguration;
			buildSettings = {
				ALWAYS_SEARCH_USER_PATHS = NO;
				CLANG_CXX_LANGUAGE_STANDARD = "gnu++0x";
				CLANG_CXX_LIBRARY = "libc++";
				CLANG_ENABLE_MODULES = YES;
				CLANG_ENABLE_OBJC_ARC = YES;
				CLANG_WARN_BOOL_CONVERSION = YES;
				CLANG_WARN_CONSTANT_CONVERSION = YES;
				CLANG_WARN_DIRECT_OBJC_ISA_USAGE = YES_ERROR;
				CLANG_WARN_EMPTY_BODY = YES;
				CLANG_WARN_ENUM_CONVERSION = YES;
				CLANG_WARN_INT_CONVERSION = YES;
				CLANG_WARN_OBJC_ROOT_CLASS = YES_ERROR;
				CLANG_WARN_UNREACHABLE_CODE = YES;
				CLANG_WARN__DUPLICATE_METHOD_MATCH = YES;
				"CODE_SIGN_IDENTITY[sdk=iphoneos*]" = "iPhone Developer";
				COPY_PHASE_STRIP = YES;
				ENABLE_NS_ASSERTIONS = NO;
				ENABLE_STRICT_OBJC_MSGSEND = YES;
				GCC_C_LANGUAGE_STANDARD = gnu99;
				GCC_WARN_64_TO_32_BIT_CONVERSION = YES;
				GCC_WARN_ABOUT_RETURN_TYPE = YES_ERROR;
				GCC_WARN_UNDECLARED_SELECTOR = YES;
				GCC_WARN_UNINITIALIZED_AUTOS = YES_AGGRESSIVE;
				GCC_WARN_UNUSED_FUNCTION = YES;
				GCC_WARN_UNUSED_VARIABLE = YES;
				IPHONEOS_DEPLOYMENT_TARGET = 8.1;
				MTL_ENABLE_DEBUG_INFO = NO;
				SDKROOT = iphoneos;
				VALIDATE_PRODUCT = YES;
			};
			name = Release;
		};
		A34484A71AF82F6B00606934 /* Debug */ = {
			isa = XCBuildConfiguration;
			buildSettings = {
				ASSETCATALOG_COMPILER_APPICON_NAME = AppIcon;
				INFOPLIST_FILE = segs/Info.plist;
				LD_RUNPATH_SEARCH_PATHS = "$(inherited) @executable_path/Frameworks";
				PRODUCT_NAME = "$(TARGET_NAME)";
			};
			name = Debug;
		};
		A34484A81AF82F6B00606934 /* Release */ = {
			isa = XCBuildConfiguration;
			buildSettings = {
				ASSETCATALOG_COMPILER_APPICON_NAME = AppIcon;
				INFOPLIST_FILE = segs/Info.plist;
				LD_RUNPATH_SEARCH_PATHS = "$(inherited) @executable_path/Frameworks";
				PRODUCT_NAME = "$(TARGET_NAME)";
			};
			name = Release;
		};
		A34484AA1AF82F6B00606934 /* Debug */ = {
			isa = XCBuildConfiguration;
			buildSettings = {
				BUNDLE_LOADER = "$(TEST_HOST)";
				FRAMEWORK_SEARCH_PATHS = (
					"$(SDKROOT)/Developer/Library/Frameworks",
					"$(inherited)",
				);
				GCC_PREPROCESSOR_DEFINITIONS = (
					"DEBUG=1",
					"$(inherited)",
				);
				INFOPLIST_FILE = segsTests/Info.plist;
				LD_RUNPATH_SEARCH_PATHS = "$(inherited) @executable_path/Frameworks @loader_path/Frameworks";
				PRODUCT_NAME = "$(TARGET_NAME)";
				TEST_HOST = "$(BUILT_PRODUCTS_DIR)/segs.app/segs";
			};
			name = Debug;
		};
		A34484AB1AF82F6B00606934 /* Release */ = {
			isa = XCBuildConfiguration;
			buildSettings = {
				BUNDLE_LOADER = "$(TEST_HOST)";
				FRAMEWORK_SEARCH_PATHS = (
					"$(SDKROOT)/Developer/Library/Frameworks",
					"$(inherited)",
				);
				INFOPLIST_FILE = segsTests/Info.plist;
				LD_RUNPATH_SEARCH_PATHS = "$(inherited) @executable_path/Frameworks @loader_path/Frameworks";
				PRODUCT_NAME = "$(TARGET_NAME)";
				TEST_HOST = "$(BUILT_PRODUCTS_DIR)/segs.app/segs";
			};
			name = Release;
		};
/* End XCBuildConfiguration section */

/* Begin XCConfigurationList section */
		A34484821AF82F6B00606934 /* Build configuration list for PBXProject "segs" */ = {
			isa = XCConfigurationList;
			buildConfigurations = (
				A34484A41AF82F6B00606934 /* Debug */,
				A34484A51AF82F6B00606934 /* Release */,
			);
			defaultConfigurationIsVisible = 0;
			defaultConfigurationName = Release;
		};
		A34484A61AF82F6B00606934 /* Build configuration list for PBXNativeTarget "segs" */ = {
			isa = XCConfigurationList;
			buildConfigurations = (
				A34484A71AF82F6B00606934 /* Debug */,
				A34484A81AF82F6B00606934 /* Release */,
			);
			defaultConfigurationIsVisible = 0;
		};
		A34484A91AF82F6B00606934 /* Build configuration list for PBXNativeTarget "segsTests" */ = {
			isa = XCConfigurationList;
			buildConfigurations = (
				A34484AA1AF82F6B00606934 /* Debug */,
				A34484AB1AF82F6B00606934 /* Release */,
			);
			defaultConfigurationIsVisible = 0;
		};
/* End XCConfigurationList section */
	};
	rootObject = A344847F1AF82F6B00606934 /* Project object */;
}
